
Microsoft Visual Studio Solution File, Format Version 11.00
# Visual Studio 2010
Project("{FAE04EC0-301F-11D3-BF4B-00C04F79EFBC}") = "SteamVR", "SteamVR.csproj", "{465bc7b1-2acf-4380-1e8a-ea6640c05fd8}"
EndProject
Project("{FAE04EC0-301F-11D3-BF4B-00C04F79EFBC}") = "Assembly-CSharp", "Assembly-CSharp.csproj", "{d46630cf-75af-e731-68b2-fac36b5b2be9}"
EndProject
Project("{FAE04EC0-301F-11D3-BF4B-00C04F79EFBC}") = "SteamVR_Actions", "SteamVR_Actions.csproj", "{3df6433b-21f2-dc9c-57a2-a5d45b721173}"
EndProject
Project("{FAE04EC0-301F-11D3-BF4B-00C04F79EFBC}") = "SteamVR_Input_Editor", "SteamVR_Input_Editor.csproj", "{346207cc-4b49-5f30-0605-178ee0b4d03f}"
EndProject
Project("{FAE04EC0-301F-11D3-BF4B-00C04F79EFBC}") = "SteamVR_Editor", "SteamVR_Editor.csproj", "{c150ada2-bff7-db35-7167-4ef5b5fbb0a1}"
EndProject
Project("{FAE04EC0-301F-11D3-BF4B-00C04F79EFBC}") = "SteamVR_Windows_EditorHelper", "SteamVR_Windows_EditorHelper.csproj", "{03cce853-2bdf-0d02-ac2f-508042c4a62b}"
EndProject
Global
	GlobalSection(SolutionConfigurationPlatforms) = preSolution
		Debug|Any CPU = Debug|Any CPU
	EndGlobalSection
	GlobalSection(ProjectConfigurationPlatforms) = postSolution
		{465bc7b1-2acf-4380-1e8a-ea6640c05fd8}.Debug|Any CPU.ActiveCfg = Debug|Any CPU
		{465bc7b1-2acf-4380-1e8a-ea6640c05fd8}.Debug|Any CPU.Build.0 = Debug|Any CPU
		{d46630cf-75af-e731-68b2-fac36b5b2be9}.Debug|Any CPU.ActiveCfg = Debug|Any CPU
		{d46630cf-75af-e731-68b2-fac36b5b2be9}.Debug|Any CPU.Build.0 = Debug|Any CPU
		{3df6433b-21f2-dc9c-57a2-a5d45b721173}.Debug|Any CPU.ActiveCfg = Debug|Any CPU
		{3df6433b-21f2-dc9c-57a2-a5d45b721173}.Debug|Any CPU.Build.0 = Debug|Any CPU
		{346207cc-4b49-5f30-0605-178ee0b4d03f}.Debug|Any CPU.ActiveCfg = Debug|Any CPU
		{346207cc-4b49-5f30-0605-178ee0b4d03f}.Debug|Any CPU.Build.0 = Debug|Any CPU
		{c150ada2-bff7-db35-7167-4ef5b5fbb0a1}.Debug|Any CPU.ActiveCfg = Debug|Any CPU
		{c150ada2-bff7-db35-7167-4ef5b5fbb0a1}.Debug|Any CPU.Build.0 = Debug|Any CPU
		{03cce853-2bdf-0d02-ac2f-508042c4a62b}.Debug|Any CPU.ActiveCfg = Debug|Any CPU
		{03cce853-2bdf-0d02-ac2f-508042c4a62b}.Debug|Any CPU.Build.0 = Debug|Any CPU
	EndGlobalSection
	GlobalSection(SolutionProperties) = preSolution
		HideSolutionNode = FALSE
	EndGlobalSection
EndGlobal
